github.com/gowebapi/webapi v0.0.0-20220111190827-0cb1f8ede1ac h1:PGGQsXJIQwOROGFp1WaeKBt1le3x6yDzcpVjArnZIVk=
github.com/gowebapi/webapi v0.0.0-20220111190827-0cb1f8ede1ac/go.mod h1:idYMKBl+9tqA6sZrzVqN+3XGWANtIRP6CLZsxZOiIFg=
github.com/sunraylab/datarange v1.1.1 h1:GscFQMSkcudRGFY1k+LXTAFUm9EQeZ8xTVbgeA56t4o=
github.com/sunraylab/datarange v1.1.1/go.mod h1:aol7ppxrCU9RWrx/vnA3VXGBHDAnAvWY+osq7xKOu8g=
github.com/sunraylab/rgb/v2 v2.0.2 h1:3NuQuA4oQHvzoZJ0b2Pu3/VJSrJvKETG2Kqcs0+MA70=
github.com/sunraylab/rgb/v2 v2.0.2/go.mod h1:OuV0mZOJ9XJqP7LOKZAl7NXNde59IOLFssOhvFlTQPM=
github.com/sunraylab/timeline/v2 v2.4.0 h1:Thd+ukBuvajXlToeJQueY14alfd+LtrI2P7NoybGDic=
github.com/sunraylab/timeline/v2 v2.4.0/go.mod h1:+NNSjWTWaJiLIxJcgqcdm2+0bgn7btzxnZJBVWp4BYo=
github.com/sunraylab/verbose v1.2.4 h1:+SAcM6GONNqYweYWA1zJHCw1XkQBCGqN7TCU6D9YKLY=
github.com/sunraylab/verbose v1.2.4/go.mod h1:j6ioDGFaZJdXnqaoDO44rbxsFWQvbg/GvqIROFx7Vyc=
