github.com/gowebapi/webapi v0.0.0-20220111190827-0cb1f8ede1ac h1:PGGQsXJIQwOROGFp1WaeKBt1le3x6yDzcpVjArnZIVk=
github.com/gowebapi/webapi v0.0.0-20220111190827-0cb1f8ede1ac/go.mod h1:idYMKBl+9tqA6sZrzVqN+3XGWANtIRP6CLZsxZOiIFg=
github.com/gowebapi/webapi v0.0.0-20221221115732-41cedfc27a0b h1:ziwlwRTFt5kSst3238Ndwce+wHZh3BC05nxBThB08XE=
github.com/gowebapi/webapi v0.0.0-20221221115732-41cedfc27a0b/go.mod h1:idYMKBl+9tqA6sZrzVqN+3XGWANtIRP6CLZsxZOiIFg=
github.com/larry868/datarange v1.2.0 h1:9+AsNhW8jREMQBVH3v4XwqUW1HLWYNOUSl9ZnwzFhjM=
github.com/larry868/datarange v1.2.0/go.mod h1:jv4jnsFAKN1WNP2eefVFN7a0pClpaVQ5aOWGlWLjOLc=
github.com/larry868/rgb v1.1.0 h1:LOgzcm9E7QzYkicIrYR8Ibjc4xMnBB5dP26RfApXujs=
github.com/larry868/rgb v1.1.0/go.mod h1:ZW7DU7pWCyuJ1XQsemi+NvA02Q+bJN+vfUi0aubcOy8=
github.com/larry868/timeline/v2 v2.5.0 h1:sQCxkKxdwpzCFG8jHH9J3Y8kk1AqtVyQ5Qi7r0odmlc=
github.com/larry868/timeline/v2 v2.5.0/go.mod h1:/F/JwZCPENr2BbigUNpjiyYp35in200LbnySiharDyg=
github.com/larry868/verbose v1.3.0 h1:w8UySdjMOtK+aVfEgg6IL1oxx0nwxSQaMV0096OZ1W0=
github.com/larry868/verbose v1.3.0/go.mod h1:rbAqamwpFCUoMOoHLt5NadBBpLlOLb2l1zlyJzSgtbQ=
